// !$*UTF8*$!
{
	archiveVersion = 1;
	classes = {
	};
	objectVersion = 46;
	objects = {

/* Begin PBXBuildFile section */
		D2107D1F1E5D404C0005243E /* intro.mp4 in Resources */ = {isa = PBXBuildFile; fileRef = D2107D1E1E5D404C0005243E /* intro.mp4 */; };
		D2107D241E5D4FBD0005243E /* AVFoundation.framework in Frameworks */ = {isa = PBXBuildFile; fileRef = D2107D231E5D4FBD0005243E /* AVFoundation.framework */; };
		D2107D261E5DC52A0005243E /* MenuViewController.swift in Sources */ = {isa = PBXBuildFile; fileRef = D2107D251E5DC52A0005243E /* MenuViewController.swift */; };
		D21E19881E5A628400B24687 /* AppDelegate.swift in Sources */ = {isa = PBXBuildFile; fileRef = D21E19871E5A628400B24687 /* AppDelegate.swift */; };
		D21E198A1E5A628400B24687 /* LoginViewController.swift in Sources */ = {isa = PBXBuildFile; fileRef = D21E19891E5A628400B24687 /* LoginViewController.swift */; };
		D21E198D1E5A628400B24687 /* Main.storyboard in Resources */ = {isa = PBXBuildFile; fileRef = D21E198B1E5A628400B24687 /* Main.storyboard */; };
		D21E198F1E5A628400B24687 /* Assets.xcassets in Resources */ = {isa = PBXBuildFile; fileRef = D21E198E1E5A628400B24687 /* Assets.xcassets */; };
		D21E19921E5A628400B24687 /* LaunchScreen.storyboard in Resources */ = {isa = PBXBuildFile; fileRef = D21E19901E5A628400B24687 /* LaunchScreen.storyboard */; };
		D21E199D1E5A628400B24687 /* Turismo_YaTests.swift in Sources */ = {isa = PBXBuildFile; fileRef = D21E199C1E5A628400B24687 /* Turismo_YaTests.swift */; };
		D21E19A81E5A628400B24687 /* Turismo_YaUITests.swift in Sources */ = {isa = PBXBuildFile; fileRef = D21E19A71E5A628400B24687 /* Turismo_YaUITests.swift */; };
/* End PBXBuildFile section */

/* Begin PBXContainerItemProxy section */
		D21E19991E5A628400B24687 /* PBXContainerItemProxy */ = {
			isa = PBXContainerItemProxy;
			containerPortal = D21E197C1E5A628300B24687 /* Project object */;
			proxyType = 1;
			remoteGlobalIDString = D21E19831E5A628300B24687;
			remoteInfo = "Turismo Ya";
		};
		D21E19A41E5A628400B24687 /* PBXContainerItemProxy */ = {
			isa = PBXContainerItemProxy;
			containerPortal = D21E197C1E5A628300B24687 /* Project object */;
			proxyType = 1;
			remoteGlobalIDString = D21E19831E5A628300B24687;
			remoteInfo = "Turismo Ya";
		};
/* End PBXContainerItemProxy section */

/* Begin PBXFileReference section */
		D2107D1E1E5D404C0005243E /* intro.mp4 */ = {isa = PBXFileReference; lastKnownFileType = file; path = intro.mp4; sourceTree = "<group>"; };
		D2107D231E5D4FBD0005243E /* AVFoundation.framework */ = {isa = PBXFileReference; lastKnownFileType = wrapper.framework; name = AVFoundation.framework; path = System/Library/Frameworks/AVFoundation.framework; sourceTree = SDKROOT; };
		D2107D251E5DC52A0005243E /* MenuViewController.swift */ = {isa = PBXFileReference; fileEncoding = 4; lastKnownFileType = sourcecode.swift; path = MenuViewController.swift; sourceTree = "<group>"; };
		D21E19841E5A628400B24687 /* Turismo Ya.app */ = {isa = PBXFileReference; explicitFileType = wrapper.application; includeInIndex = 0; path = "Turismo Ya.app"; sourceTree = BUILT_PRODUCTS_DIR; };
		D21E19871E5A628400B24687 /* AppDelegate.swift */ = {isa = PBXFileReference; lastKnownFileType = sourcecode.swift; path = AppDelegate.swift; sourceTree = "<group>"; };
		D21E19891E5A628400B24687 /* LoginViewController.swift */ = {isa = PBXFileReference; lastKnownFileType = sourcecode.swift; path = LoginViewController.swift; sourceTree = "<group>"; };
		D21E198C1E5A628400B24687 /* Base */ = {isa = PBXFileReference; lastKnownFileType = file.storyboard; name = Base; path = Base.lproj/Main.storyboard; sourceTree = "<group>"; };
		D21E198E1E5A628400B24687 /* Assets.xcassets */ = {isa = PBXFileReference; lastKnownFileType = folder.assetcatalog; path = Assets.xcassets; sourceTree = "<group>"; };
		D21E19911E5A628400B24687 /* Base */ = {isa = PBXFileReference; lastKnownFileType = file.storyboard; name = Base; path = Base.lproj/LaunchScreen.storyboard; sourceTree = "<group>"; };
		D21E19931E5A628400B24687 /* Info.plist */ = {isa = PBXFileReference; lastKnownFileType = text.plist.xml; path = Info.plist; sourceTree = "<group>"; };
		D21E19981E5A628400B24687 /* Turismo YaTests.xctest */ = {isa = PBXFileReference; explicitFileType = wrapper.cfbundle; includeInIndex = 0; path = "Turismo YaTests.xctest"; sourceTree = BUILT_PRODUCTS_DIR; };
		D21E199C1E5A628400B24687 /* Turismo_YaTests.swift */ = {isa = PBXFileReference; lastKnownFileType = sourcecode.swift; path = Turismo_YaTests.swift; sourceTree = "<group>"; };
		D21E199E1E5A628400B24687 /* Info.plist */ = {isa = PBXFileReference; lastKnownFileType = text.plist.xml; path = Info.plist; sourceTree = "<group>"; };
		D21E19A31E5A628400B24687 /* Turismo YaUITests.xctest */ = {isa = PBXFileReference; explicitFileType = wrapper.cfbundle; includeInIndex = 0; path = "Turismo YaUITests.xctest"; sourceTree = BUILT_PRODUCTS_DIR; };
		D21E19A71E5A628400B24687 /* Turismo_YaUITests.swift */ = {isa = PBXFileReference; lastKnownFileType = sourcecode.swift; path = Turismo_YaUITests.swift; sourceTree = "<group>"; };
		D21E19A91E5A628400B24687 /* Info.plist */ = {isa = PBXFileReference; lastKnownFileType = text.plist.xml; path = Info.plist; sourceTree = "<group>"; };
/* End PBXFileReference section */

/* Begin PBXFrameworksBuildPhase section */
		D21E19811E5A628300B24687 /* Frameworks */ = {
			isa = PBXFrameworksBuildPhase;
			buildActionMask = 2147483647;
			files = (
				D2107D241E5D4FBD0005243E /* AVFoundation.framework in Frameworks */,
			);
			runOnlyForDeploymentPostprocessing = 0;
		};
		D21E19951E5A628400B24687 /* Frameworks */ = {
			isa = PBXFrameworksBuildPhase;
			buildActionMask = 2147483647;
			files = (
			);
			runOnlyForDeploymentPostprocessing = 0;
		};
		D21E19A01E5A628400B24687 /* Frameworks */ = {
			isa = PBXFrameworksBuildPhase;
			buildActionMask = 2147483647;
			files = (
			);
			runOnlyForDeploymentPostprocessing = 0;
		};
/* End PBXFrameworksBuildPhase section */

/* Begin PBXGroup section */
		D2107D1D1E5D3FF30005243E /* assets */ = {
			isa = PBXGroup;
			children = (
			);
			name = assets;
			sourceTree = "<group>";
		};
		D2107D221E5D4FBD0005243E /* Frameworks */ = {
			isa = PBXGroup;
			children = (
				D2107D231E5D4FBD0005243E /* AVFoundation.framework */,
			);
			name = Frameworks;
			sourceTree = "<group>";
		};
		D21E197B1E5A628300B24687 = {
			isa = PBXGroup;
			children = (
				D21E19861E5A628400B24687 /* Turismo Ya */,
				D21E199B1E5A628400B24687 /* Turismo YaTests */,
				D21E19A61E5A628400B24687 /* Turismo YaUITests */,
				D21E19851E5A628400B24687 /* Products */,
				D2107D221E5D4FBD0005243E /* Frameworks */,
			);
			sourceTree = "<group>";
		};
		D21E19851E5A628400B24687 /* Products */ = {
			isa = PBXGroup;
			children = (
				D21E19841E5A628400B24687 /* Turismo Ya.app */,
				D21E19981E5A628400B24687 /* Turismo YaTests.xctest */,
				D21E19A31E5A628400B24687 /* Turismo YaUITests.xctest */,
			);
			name = Products;
			sourceTree = "<group>";
		};
		D21E19861E5A628400B24687 /* Turismo Ya */ = {
			isa = PBXGroup;
			children = (
				D2107D1E1E5D404C0005243E /* intro.mp4 */,
				D2107D1D1E5D3FF30005243E /* assets */,
				D21E19871E5A628400B24687 /* AppDelegate.swift */,
				D21E19891E5A628400B24687 /* LoginViewController.swift */,
				D2107D251E5DC52A0005243E /* MenuViewController.swift */,
				D21E198B1E5A628400B24687 /* Main.storyboard */,
				D21E198E1E5A628400B24687 /* Assets.xcassets */,
				D21E19901E5A628400B24687 /* LaunchScreen.storyboard */,
				D21E19931E5A628400B24687 /* Info.plist */,
			);
			path = "Turismo Ya";
			sourceTree = "<group>";
		};
		D21E199B1E5A628400B24687 /* Turismo YaTests */ = {
			isa = PBXGroup;
			children = (
				D21E199C1E5A628400B24687 /* Turismo_YaTests.swift */,
				D21E199E1E5A628400B24687 /* Info.plist */,
			);
			path = "Turismo YaTests";
			sourceTree = "<group>";
		};
		D21E19A61E5A628400B24687 /* Turismo YaUITests */ = {
			isa = PBXGroup;
			children = (
				D21E19A71E5A628400B24687 /* Turismo_YaUITests.swift */,
				D21E19A91E5A628400B24687 /* Info.plist */,
			);
			path = "Turismo YaUITests";
			sourceTree = "<group>";
		};
/* End PBXGroup section */

/* Begin PBXNativeTarget section */
		D21E19831E5A628300B24687 /* Turismo Ya */ = {
			isa = PBXNativeTarget;
			buildConfigurationList = D21E19AC1E5A628400B24687 /* Build configuration list for PBXNativeTarget "Turismo Ya" */;
			buildPhases = (
				D21E19801E5A628300B24687 /* Sources */,
				D21E19811E5A628300B24687 /* Frameworks */,
				D21E19821E5A628300B24687 /* Resources */,
			);
			buildRules = (
			);
			dependencies = (
			);
			name = "Turismo Ya";
			productName = "Turismo Ya";
			productReference = D21E19841E5A628400B24687 /* Turismo Ya.app */;
			productType = "com.apple.product-type.application";
		};
		D21E19971E5A628400B24687 /* Turismo YaTests */ = {
			isa = PBXNativeTarget;
			buildConfigurationList = D21E19AF1E5A628400B24687 /* Build configuration list for PBXNativeTarget "Turismo YaTests" */;
			buildPhases = (
				D21E19941E5A628400B24687 /* Sources */,
				D21E19951E5A628400B24687 /* Frameworks */,
				D21E19961E5A628400B24687 /* Resources */,
			);
			buildRules = (
			);
			dependencies = (
				D21E199A1E5A628400B24687 /* PBXTargetDependency */,
			);
			name = "Turismo YaTests";
			productName = "Turismo YaTests";
			productReference = D21E19981E5A628400B24687 /* Turismo YaTests.xctest */;
			productType = "com.apple.product-type.bundle.unit-test";
		};
		D21E19A21E5A628400B24687 /* Turismo YaUITests */ = {
			isa = PBXNativeTarget;
			buildConfigurationList = D21E19B21E5A628400B24687 /* Build configuration list for PBXNativeTarget "Turismo YaUITests" */;
			buildPhases = (
				D21E199F1E5A628400B24687 /* Sources */,
				D21E19A01E5A628400B24687 /* Frameworks */,
				D21E19A11E5A628400B24687 /* Resources */,
			);
			buildRules = (
			);
			dependencies = (
				D21E19A51E5A628400B24687 /* PBXTargetDependency */,
			);
			name = "Turismo YaUITests";
			productName = "Turismo YaUITests";
			productReference = D21E19A31E5A628400B24687 /* Turismo YaUITests.xctest */;
			productType = "com.apple.product-type.bundle.ui-testing";
		};
/* End PBXNativeTarget section */

/* Begin PBXProject section */
		D21E197C1E5A628300B24687 /* Project object */ = {
			isa = PBXProject;
			attributes = {
				LastSwiftUpdateCheck = 0820;
				LastUpgradeCheck = 0820;
				ORGANIZATIONNAME = "Programación y más";
				TargetAttributes = {
					D21E19831E5A628300B24687 = {
						CreatedOnToolsVersion = 8.2.1;
						ProvisioningStyle = Automatic;
					};
					D21E19971E5A628400B24687 = {
						CreatedOnToolsVersion = 8.2.1;
						ProvisioningStyle = Automatic;
						TestTargetID = D21E19831E5A628300B24687;
					};
					D21E19A21E5A628400B24687 = {
						CreatedOnToolsVersion = 8.2.1;
						ProvisioningStyle = Automatic;
						TestTargetID = D21E19831E5A628300B24687;
					};
				};
			};
			buildConfigurationList = D21E197F1E5A628300B24687 /* Build configuration list for PBXProject "Turismo Ya" */;
			compatibilityVersion = "Xcode 3.2";
			developmentRegion = English;
			hasScannedForEncodings = 0;
			knownRegions = (
				en,
				Base,
			);
			mainGroup = D21E197B1E5A628300B24687;
			productRefGroup = D21E19851E5A628400B24687 /* Products */;
			projectDirPath = "";
			projectRoot = "";
			targets = (
				D21E19831E5A628300B24687 /* Turismo Ya */,
				D21E19971E5A628400B24687 /* Turismo YaTests */,
				D21E19A21E5A628400B24687 /* Turismo YaUITests */,
			);
		};
/* End PBXProject section */

/* Begin PBXResourcesBuildPhase section */
		D21E19821E5A628300B24687 /* Resources */ = {
			isa = PBXResourcesBuildPhase;
			buildActionMask = 2147483647;
			files = (
				D2107D1F1E5D404C0005243E /* intro.mp4 in Resources */,
				D21E19921E5A628400B24687 /* LaunchScreen.storyboard in Resources */,
				D21E198F1E5A628400B24687 /* Assets.xcassets in Resources */,
				D21E198D1E5A628400B24687 /* Main.storyboard in Resources */,
			);
			runOnlyForDeploymentPostprocessing = 0;
		};
		D21E19961E5A628400B24687 /* Resources */ = {
			isa = PBXResourcesBuildPhase;
			buildActionMask = 2147483647;
			files = (
			);
			runOnlyForDeploymentPostprocessing = 0;
		};
		D21E19A11E5A628400B24687 /* Resources */ = {
			isa = PBXResourcesBuildPhase;
			buildActionMask = 2147483647;
			files = (
			);
			runOnlyForDeploymentPostprocessing = 0;
		};
/* End PBXResourcesBuildPhase section */

/* Begin PBXSourcesBuildPhase section */
		D21E19801E5A628300B24687 /* Sources */ = {
			isa = PBXSourcesBuildPhase;
			buildActionMask = 2147483647;
			files = (
				D21E198A1E5A628400B24687 /* LoginViewController.swift in Sources */,
				D21E19881E5A628400B24687 /* AppDelegate.swift in Sources */,
				D2107D261E5DC52A0005243E /* MenuViewController.swift in Sources */,
			);
			runOnlyForDeploymentPostprocessing = 0;
		};
		D21E19941E5A628400B24687 /* Sources */ = {
			isa = PBXSourcesBuildPhase;
			buildActionMask = 2147483647;
			files = (
				D21E199D1E5A628400B24687 /* Turismo_YaTests.swift in Sources */,
			);
			runOnlyForDeploymentPostprocessing = 0;
		};
		D21E199F1E5A628400B24687 /* Sources */ = {
			isa = PBXSourcesBuildPhase;
			buildActionMask = 2147483647;
			files = (
				D21E19A81E5A628400B24687 /* Turismo_YaUITests.swift in Sources */,
			);
			runOnlyForDeploymentPostprocessing = 0;
		};
/* End PBXSourcesBuildPhase section */

/* Begin PBXTargetDependency section */
		D21E199A1E5A628400B24687 /* PBXTargetDependency */ = {
			isa = PBXTargetDependency;
			target = D21E19831E5A628300B24687 /* Turismo Ya */;
			targetProxy = D21E19991E5A628400B24687 /* PBXContainerItemProxy */;
		};
		D21E19A51E5A628400B24687 /* PBXTargetDependency */ = {
			isa = PBXTargetDependency;
			target = D21E19831E5A628300B24687 /* Turismo Ya */;
			targetProxy = D21E19A41E5A628400B24687 /* PBXContainerItemProxy */;
		};
/* End PBXTargetDependency section */

/* Begin PBXVariantGroup section */
		D21E198B1E5A628400B24687 /* Main.storyboard */ = {
			isa = PBXVariantGroup;
			children = (
				D21E198C1E5A628400B24687 /* Base */,
			);
			name = Main.storyboard;
			sourceTree = "<group>";
		};
		D21E19901E5A628400B24687 /* LaunchScreen.storyboard */ = {
			isa = PBXVariantGroup;
			children = (
				D21E19911E5A628400B24687 /* Base */,
			);
			name = LaunchScreen.storyboard;
			sourceTree = "<group>";
		};
/* End PBXVariantGroup section */

/* Begin XCBuildConfiguration section */
		D21E19AA1E5A628400B24687 /* Debug */ = {
			isa = XCBuildConfiguration;
			buildSettings = {
				ALWAYS_SEARCH_USER_PATHS = NO;
				CLANG_ANALYZER_NONNULL = YES;
				CLANG_CXX_LANGUAGE_STANDARD = "gnu++0x";
				CLANG_CXX_LIBRARY = "libc++";
				CLANG_ENABLE_MODULES = YES;
				CLANG_ENABLE_OBJC_ARC = YES;
				CLANG_WARN_BOOL_CONVERSION = YES;
				CLANG_WARN_CONSTANT_CONVERSION = YES;
				CLANG_WARN_DIRECT_OBJC_ISA_USAGE = YES_ERROR;
				CLANG_WARN_DOCUMENTATION_COMMENTS = YES;
				CLANG_WARN_EMPTY_BODY = YES;
				CLANG_WARN_ENUM_CONVERSION = YES;
				CLANG_WARN_INFINITE_RECURSION = YES;
				CLANG_WARN_INT_CONVERSION = YES;
				CLANG_WARN_OBJC_ROOT_CLASS = YES_ERROR;
				CLANG_WARN_SUSPICIOUS_MOVE = YES;
				CLANG_WARN_UNREACHABLE_CODE = YES;
				CLANG_WARN__DUPLICATE_METHOD_MATCH = YES;
				"CODE_SIGN_IDENTITY[sdk=iphoneos*]" = "iPhone Developer";
				COPY_PHASE_STRIP = NO;
				DEBUG_INFORMATION_FORMAT = dwarf;
				ENABLE_STRICT_OBJC_MSGSEND = YES;
				ENABLE_TESTABILITY = YES;
				GCC_C_LANGUAGE_STANDARD = gnu99;
				GCC_DYNAMIC_NO_PIC = NO;
				GCC_NO_COMMON_BLOCKS = YES;
				GCC_OPTIMIZATION_LEVEL = 0;
				GCC_PREPROCESSOR_DEFINITIONS = (
					"DEBUG=1",
					"$(inherited)",
				);
				GCC_WARN_64_TO_32_BIT_CONVERSION = YES;
				GCC_WARN_ABOUT_RETURN_TYPE = YES_ERROR;
				GCC_WARN_UNDECLARED_SELECTOR = YES;
				GCC_WARN_UNINITIALIZED_AUTOS = YES_AGGRESSIVE;
				GCC_WARN_UNUSED_FUNCTION = YES;
				GCC_WARN_UNUSED_VARIABLE = YES;
				IPHONEOS_DEPLOYMENT_TARGET = 10.2;
				MTL_ENABLE_DEBUG_INFO = YES;
				ONLY_ACTIVE_ARCH = YES;
				SDKROOT = iphoneos;
				SWIFT_ACTIVE_COMPILATION_CONDITIONS = DEBUG;
				SWIFT_OPTIMIZATION_LEVEL = "-Onone";
				TARGETED_DEVICE_FAMILY = "1,2";
			};
			name = Debug;
		};
		D21E19AB1E5A628400B24687 /* Release */ = {
			isa = XCBuildConfiguration;
			buildSettings = {
				ALWAYS_SEARCH_USER_PATHS = NO;
				CLANG_ANALYZER_NONNULL = YES;
				CLANG_CXX_LANGUAGE_STANDARD = "gnu++0x";
				CLANG_CXX_LIBRARY = "libc++";
				CLANG_ENABLE_MODULES = YES;
				CLANG_ENABLE_OBJC_ARC = YES;
				CLANG_WARN_BOOL_CONVERSION = YES;
				CLANG_WARN_CONSTANT_CONVERSION = YES;
				CLANG_WARN_DIRECT_OBJC_ISA_USAGE = YES_ERROR;
				CLANG_WARN_DOCUMENTATION_COMMENTS = YES;
				CLANG_WARN_EMPTY_BODY = YES;
				CLANG_WARN_ENUM_CONVERSION = YES;
				CLANG_WARN_INFINITE_RECURSION = YES;
				CLANG_WARN_INT_CONVERSION = YES;
				CLANG_WARN_OBJC_ROOT_CLASS = YES_ERROR;
				CLANG_WARN_SUSPICIOUS_MOVE = YES;
				CLANG_WARN_UNREACHABLE_CODE = YES;
				CLANG_WARN__DUPLICATE_METHOD_MATCH = YES;
				"CODE_SIGN_IDENTITY[sdk=iphoneos*]" = "iPhone Developer";
				COPY_PHASE_STRIP = NO;
				DEBUG_INFORMATION_FORMAT = "dwarf-with-dsym";
				ENABLE_NS_ASSERTIONS = NO;
				ENABLE_STRICT_OBJC_MSGSEND = YES;
				GCC_C_LANGUAGE_STANDARD = gnu99;
				GCC_NO_COMMON_BLOCKS = YES;
				GCC_WARN_64_TO_32_BIT_CONVERSION = YES;
				GCC_WARN_ABOUT_RETURN_TYPE = YES_ERROR;
				GCC_WARN_UNDECLARED_SELECTOR = YES;
				GCC_WARN_UNINITIALIZED_AUTOS = YES_AGGRESSIVE;
				GCC_WARN_UNUSED_FUNCTION = YES;
				GCC_WARN_UNUSED_VARIABLE = YES;
				IPHONEOS_DEPLOYMENT_TARGET = 10.2;
				MTL_ENABLE_DEBUG_INFO = NO;
				SDKROOT = iphoneos;
				SWIFT_OPTIMIZATION_LEVEL = "-Owholemodule";
				TARGETED_DEVICE_FAMILY = "1,2";
				VALIDATE_PRODUCT = YES;
			};
			name = Release;
		};
		D21E19AD1E5A628400B24687 /* Debug */ = {
			isa = XCBuildConfiguration;
			buildSettings = {
				ASSETCATALOG_COMPILER_APPICON_NAME = AppIcon;
				INFOPLIST_FILE = "Turismo Ya/Info.plist";
				LD_RUNPATH_SEARCH_PATHS = "$(inherited) @executable_path/Frameworks";
				PRODUCT_BUNDLE_IDENTIFIER = "pym.Turismo-Ya";
				PRODUCT_NAME = "$(TARGET_NAME)";
				SWIFT_VERSION = 3.0;
			};
			name = Debug;
		};
		D21E19AE1E5A628400B24687 /* Release */ = {
			isa = XCBuildConfiguration;
			buildSettings = {
				ASSETCATALOG_COMPILER_APPICON_NAME = AppIcon;
				INFOPLIST_FILE = "Turismo Ya/Info.plist";
				LD_RUNPATH_SEARCH_PATHS = "$(inherited) @executable_path/Frameworks";
				PRODUCT_BUNDLE_IDENTIFIER = "pym.Turismo-Ya";
				PRODUCT_NAME = "$(TARGET_NAME)";
				SWIFT_VERSION = 3.0;
			};
			name = Release;
		};
		D21E19B01E5A628400B24687 /* Debug */ = {
			isa = XCBuildConfiguration;
			buildSettings = {
				ALWAYS_EMBED_SWIFT_STANDARD_LIBRARIES = YES;
				BUNDLE_LOADER = "$(TEST_HOST)";
				INFOPLIST_FILE = "Turismo YaTests/Info.plist";
				LD_RUNPATH_SEARCH_PATHS = "$(inherited) @executable_path/Frameworks @loader_path/Frameworks";
				PRODUCT_BUNDLE_IDENTIFIER = "pym.Turismo-YaTests";
				PRODUCT_NAME = "$(TARGET_NAME)";
				SWIFT_VERSION = 3.0;
				TEST_HOST = "$(BUILT_PRODUCTS_DIR)/Turismo Ya.app/Turismo Ya";
			};
			name = Debug;
		};
		D21E19B11E5A628400B24687 /* Release */ = {
			isa = XCBuildConfiguration;
			buildSettings = {
				ALWAYS_EMBED_SWIFT_STANDARD_LIBRARIES = YES;
				BUNDLE_LOADER = "$(TEST_HOST)";
				INFOPLIST_FILE = "Turismo YaTests/Info.plist";
				LD_RUNPATH_SEARCH_PATHS = "$(inherited) @executable_path/Frameworks @loader_path/Frameworks";
				PRODUCT_BUNDLE_IDENTIFIER = "pym.Turismo-YaTests";
				PRODUCT_NAME = "$(TARGET_NAME)";
				SWIFT_VERSION = 3.0;
				TEST_HOST = "$(BUILT_PRODUCTS_DIR)/Turismo Ya.app/Turismo Ya";
			};
			name = Release;
		};
		D21E19B31E5A628400B24687 /* Debug */ = {
			isa = XCBuildConfiguration;
			buildSettings = {
				ALWAYS_EMBED_SWIFT_STANDARD_LIBRARIES = YES;
				INFOPLIST_FILE = "Turismo YaUITests/Info.plist";
				LD_RUNPATH_SEARCH_PATHS = "$(inherited) @executable_path/Frameworks @loader_path/Frameworks";
				PRODUCT_BUNDLE_IDENTIFIER = "pym.Turismo-YaUITests";
				PRODUCT_NAME = "$(TARGET_NAME)";
				SWIFT_VERSION = 3.0;
				TEST_TARGET_NAME = "Turismo Ya";
			};
			name = Debug;
		};
		D21E19B41E5A628400B24687 /* Release */ = {
			isa = XCBuildConfiguration;
			buildSettings = {
				ALWAYS_EMBED_SWIFT_STANDARD_LIBRARIES = YES;
				INFOPLIST_FILE = "Turismo YaUITests/Info.plist";
				LD_RUNPATH_SEARCH_PATHS = "$(inherited) @executable_path/Frameworks @loader_path/Frameworks";
				PRODUCT_BUNDLE_IDENTIFIER = "pym.Turismo-YaUITests";
				PRODUCT_NAME = "$(TARGET_NAME)";
				SWIFT_VERSION = 3.0;
				TEST_TARGET_NAME = "Turismo Ya";
			};
			name = Release;
		};
/* End XCBuildConfiguration section */

/* Begin XCConfigurationList section */
		D21E197F1E5A628300B24687 /* Build configuration list for PBXProject "Turismo Ya" */ = {
			isa = XCConfigurationList;
			buildConfigurations = (
				D21E19AA1E5A628400B24687 /* Debug */,
				D21E19AB1E5A628400B24687 /* Release */,
			);
			defaultConfigurationIsVisible = 0;
			defaultConfigurationName = Release;
		};
		D21E19AC1E5A628400B24687 /* Build configuration list for PBXNativeTarget "Turismo Ya" */ = {
			isa = XCConfigurationList;
			buildConfigurations = (
				D21E19AD1E5A628400B24687 /* Debug */,
				D21E19AE1E5A628400B24687 /* Release */,
			);
			defaultConfigurationIsVisible = 0;
			defaultConfigurationName = Release;
		};
		D21E19AF1E5A628400B24687 /* Build configuration list for PBXNativeTarget "Turismo YaTests" */ = {
			isa = XCConfigurationList;
			buildConfigurations = (
				D21E19B01E5A628400B24687 /* Debug */,
				D21E19B11E5A628400B24687 /* Release */,
			);
			defaultConfigurationIsVisible = 0;
			defaultConfigurationName = Release;
		};
		D21E19B21E5A628400B24687 /* Build configuration list for PBXNativeTarget "Turismo YaUITests" */ = {
			isa = XCConfigurationList;
			buildConfigurations = (
				D21E19B31E5A628400B24687 /* Debug */,
				D21E19B41E5A628400B24687 /* Release */,
			);
			defaultConfigurationIsVisible = 0;
			defaultConfigurationName = Release;
		};
/* End XCConfigurationList section */
	};
	rootObject = D21E197C1E5A628300B24687 /* Project object */;
}
